
Microsoft Visual Studio Solution File, Format Version 12.00
# Visual Studio Version 17
VisualStudioVersion = 17.5.2.0
MinimumVisualStudioVersion = 10.0.40219.1
Project("{2150E333-8FDC-42A3-9474-1A3956D46DE8}") = "1-Introdução", "1-Introdução", "{EC3C3B35-6F2A-9DBB-8B64-E8344746E91B}"
EndProject
Project("{FAE04EC0-301F-11D3-BF4B-00C04F79EFBC}") = "EstruturaBasica", "1-Introdução\EstruturaBasica\EstruturaBasica.csproj", "{50CC51C8-AEC6-08F9-F88E-91E60C4DE7A1}"
EndProject
Global
	GlobalSection(SolutionConfigurationPlatforms) = preSolution
		Debug|Any CPU = Debug|Any CPU
		Release|Any CPU = Release|Any CPU
	EndGlobalSection
	GlobalSection(ProjectConfigurationPlatforms) = postSolution
		{50CC51C8-AEC6-08F9-F88E-91E60C4DE7A1}.Debug|Any CPU.ActiveCfg = Debug|Any CPU
		{50CC51C8-AEC6-08F9-F88E-91E60C4DE7A1}.Debug|Any CPU.Build.0 = Debug|Any CPU
		{50CC51C8-AEC6-08F9-F88E-91E60C4DE7A1}.Release|Any CPU.ActiveCfg = Release|Any CPU
		{50CC51C8-AEC6-08F9-F88E-91E60C4DE7A1}.Release|Any CPU.Build.0 = Release|Any CPU
	EndGlobalSection
	GlobalSection(SolutionProperties) = preSolution
		HideSolutionNode = FALSE
	EndGlobalSection
	GlobalSection(NestedProjects) = preSolution
		{50CC51C8-AEC6-08F9-F88E-91E60C4DE7A1} = {EC3C3B35-6F2A-9DBB-8B64-E8344746E91B}
	EndGlobalSection
	GlobalSection(ExtensibilityGlobals) = postSolution
		SolutionGuid = {50649FD3-0B6E-415C-8FFF-E87E5F3EFF60}
	EndGlobalSection
EndGlobal
